
Microsoft Visual Studio Solution File, Format Version 12.00
# Visual Studio 15
VisualStudioVersion = 15.0.27428.2015
MinimumVisualStudioVersion = 10.0.40219.1
Project("{FAE04EC0-301F-11D3-BF4B-00C04F79EFBC}") = "NinjaDomain.Classes", "NinjaDomain.Classes\NinjaDomain.Classes.csproj", "{D18C4D6C-132A-43D5-8E73-26D3F2A85484}"
EndProject
Project("{FAE04EC0-301F-11D3-BF4B-00C04F79EFBC}") = "NinjaDomain.DataModel", "NinjaDomain.DataModel\NinjaDomain.DataModel.csproj", "{48CC28BF-5813-4EC3-8578-321BF3570D34}"
EndProject
Global
	GlobalSection(SolutionConfigurationPlatforms) = preSolution
		Debug|Any CPU = Debug|Any CPU
		Release|Any CPU = Release|Any CPU
	EndGlobalSection
	GlobalSection(ProjectConfigurationPlatforms) = postSolution
		{D18C4D6C-132A-43D5-8E73-26D3F2A85484}.Debug|Any CPU.ActiveCfg = Debug|Any CPU
		{D18C4D6C-132A-43D5-8E73-26D3F2A85484}.Debug|Any CPU.Build.0 = Debug|Any CPU
		{D18C4D6C-132A-43D5-8E73-26D3F2A85484}.Release|Any CPU.ActiveCfg = Release|Any CPU
		{D18C4D6C-132A-43D5-8E73-26D3F2A85484}.Release|Any CPU.Build.0 = Release|Any CPU
		{48CC28BF-5813-4EC3-8578-321BF3570D34}.Debug|Any CPU.ActiveCfg = Debug|Any CPU
		{48CC28BF-5813-4EC3-8578-321BF3570D34}.Debug|Any CPU.Build.0 = Debug|Any CPU
		{48CC28BF-5813-4EC3-8578-321BF3570D34}.Release|Any CPU.ActiveCfg = Release|Any CPU
		{48CC28BF-5813-4EC3-8578-321BF3570D34}.Release|Any CPU.Build.0 = Release|Any CPU
	EndGlobalSection
	GlobalSection(SolutionProperties) = preSolution
		HideSolutionNode = FALSE
	EndGlobalSection
	GlobalSection(ExtensibilityGlobals) = postSolution
		SolutionGuid = {D3CF8C7F-4DAF-478D-803B-4B2425312FE2}
	EndGlobalSection
EndGlobal
